<?xml version="1.0" encoding="utf-8"?>
<Project ToolsVersion="4.0" xmlns="http://schemas.microsoft.com/developer/msbuild/2003">
  <ItemGroup>
    <ClCompile Include="main.cpp" />
    <ClCompile Include="Detours.cpp" />
    <ClCompile Include="controller_usb.cpp" />
    <ClCompile Include="triton_protocol.cpp" />
    <ClCompile Include="triton_config.cpp" />
    <ClCompile Include="config_storage.cpp" />
    <ClCompile Include="mouse_joystick.cpp" />
    <ClCompile Include="trackball_motion.cpp" />
    <ClCompile Include="trackpad_motion.cpp" />
    <ClCompile Include="trackpad_haptics.cpp" />
    <ClCompile Include="input_processing.cpp" />
  </ItemGroup>
  <ItemGroup>
    <None Include="xex.xml" />
  </ItemGroup>
  <ItemGroup>
    <ClInclude Include="Detours.h" />
    <ClInclude Include="driver_types.h" />
    <ClInclude Include="controller_usb.h" />
    <ClInclude Include="controller_usb_policy.h" />
    <ClInclude Include="triton_hid_descriptor.h" />
    <ClInclude Include="controller_routing.h" />
    <ClInclude Include="rumble_output.h" />
    <ClInclude Include="triton_protocol.h" />
    <ClInclude Include="triton_config.h" />
    <ClInclude Include="config_storage.h" />
    <ClInclude Include="usb.h" />
    <ClInclude Include="usb_descriptors.h" />
    <ClInclude Include="mouse_joystick.h" />
    <ClInclude Include="trackball_motion.h" />
    <ClInclude Include="trackpad_motion.h" />
    <ClInclude Include="trackpad_haptics.h" />
    <ClInclude Include="input_processing.h" />
  </ItemGroup>
</Project>
